
Microsoft Visual Studio Solution File, Format Version 12.00
# Visual Studio Version 17
VisualStudioVersion = 17.9.34607.119
MinimumVisualStudioVersion = 10.0.40219.1
Project("{9A19103F-16F7-4668-BE54-9A1E7A4F7556}") = "TwitterBot.Web", "TwitterBot.Web\TwitterBot.Web.csproj", "{B64EDA97-CA30-43C8-9DD9-E64299980EED}"
EndProject
Project("{9A19103F-16F7-4668-BE54-9A1E7A4F7556}") = "TwitterBot.DataAccess", "TwitterBot.DataAccess\TwitterBot.DataAccess.csproj", "{AE7C85DB-CE3C-4062-9C40-B5CF1822E4E2}"
EndProject
Project("{9A19103F-16F7-4668-BE54-9A1E7A4F7556}") = "TwitterBot.Core", "TwitterBot.Core\TwitterBot.Core.csproj", "{B15259B9-4904-4C7E-BCA9-C24A4BEE63F3}"
EndProject
Project("{FAE04EC0-301F-11D3-BF4B-00C04F79EFBC}") = "BusinessLogic", "BusinessLogic\BusinessLogic.csproj", "{607E5D22-6A42-42CE-8BAC-A8F5C56A0F27}"
EndProject
Global
	GlobalSection(SolutionConfigurationPlatforms) = preSolution
		Debug|Any CPU = Debug|Any CPU
		Release|Any CPU = Release|Any CPU
	EndGlobalSection
	GlobalSection(ProjectConfigurationPlatforms) = postSolution
		{B64EDA97-CA30-43C8-9DD9-E64299980EED}.Debug|Any CPU.ActiveCfg = Debug|Any CPU
		{B64EDA97-CA30-43C8-9DD9-E64299980EED}.Debug|Any CPU.Build.0 = Debug|Any CPU
		{B64EDA97-CA30-43C8-9DD9-E64299980EED}.Release|Any CPU.ActiveCfg = Release|Any CPU
		{B64EDA97-CA30-43C8-9DD9-E64299980EED}.Release|Any CPU.Build.0 = Release|Any CPU
		{AE7C85DB-CE3C-4062-9C40-B5CF1822E4E2}.Debug|Any CPU.ActiveCfg = Debug|Any CPU
		{AE7C85DB-CE3C-4062-9C40-B5CF1822E4E2}.Debug|Any CPU.Build.0 = Debug|Any CPU
		{AE7C85DB-CE3C-4062-9C40-B5CF1822E4E2}.Release|Any CPU.ActiveCfg = Release|Any CPU
		{AE7C85DB-CE3C-4062-9C40-B5CF1822E4E2}.Release|Any CPU.Build.0 = Release|Any CPU
		{B15259B9-4904-4C7E-BCA9-C24A4BEE63F3}.Debug|Any CPU.ActiveCfg = Debug|Any CPU
		{B15259B9-4904-4C7E-BCA9-C24A4BEE63F3}.Debug|Any CPU.Build.0 = Debug|Any CPU
		{B15259B9-4904-4C7E-BCA9-C24A4BEE63F3}.Release|Any CPU.ActiveCfg = Release|Any CPU
		{B15259B9-4904-4C7E-BCA9-C24A4BEE63F3}.Release|Any CPU.Build.0 = Release|Any CPU
		{607E5D22-6A42-42CE-8BAC-A8F5C56A0F27}.Debug|Any CPU.ActiveCfg = Debug|Any CPU
		{607E5D22-6A42-42CE-8BAC-A8F5C56A0F27}.Debug|Any CPU.Build.0 = Debug|Any CPU
		{607E5D22-6A42-42CE-8BAC-A8F5C56A0F27}.Release|Any CPU.ActiveCfg = Release|Any CPU
		{607E5D22-6A42-42CE-8BAC-A8F5C56A0F27}.Release|Any CPU.Build.0 = Release|Any CPU
	EndGlobalSection
	GlobalSection(SolutionProperties) = preSolution
		HideSolutionNode = FALSE
	EndGlobalSection
	GlobalSection(ExtensibilityGlobals) = postSolution
		SolutionGuid = {D350E20E-CAE3-4D65-B169-4AD6C7A36371}
	EndGlobalSection
EndGlobal
